
Microsoft Visual Studio Solution File, Format Version 12.00
# Visual Studio Version 17
VisualStudioVersion = 17.0.31903.59
MinimumVisualStudioVersion = 10.0.40219.1
Project("{2150E333-8FDC-42A3-9474-1A3956D46DE8}") = "src", "src", "{3191EDE7-D19D-41D2-BACF-C36540F64847}"
EndProject
Project("{FAE04EC0-301F-11D3-BF4B-00C04F79EFBC}") = "Wop.Sdk", "src\Wop.Sdk\Wop.Sdk.csproj", "{F688CB1E-479C-41D0-8AB2-7A8551E374CD}"
EndProject
Project("{2150E333-8FDC-42A3-9474-1A3956D46DE8}") = "tests", "tests", "{96295B4B-AE57-4710-9162-26C74C194B52}"
EndProject
Project("{FAE04EC0-301F-11D3-BF4B-00C04F79EFBC}") = "Wop.Sdk.Tests", "tests\Wop.Sdk.Tests\Wop.Sdk.Tests.csproj", "{FF56C459-7A91-485A-84B5-88CD96299183}"
EndProject
Global
	GlobalSection(SolutionConfigurationPlatforms) = preSolution
		Debug|Any CPU = Debug|Any CPU
		Release|Any CPU = Release|Any CPU
	EndGlobalSection
	GlobalSection(SolutionProperties) = preSolution
		HideSolutionNode = FALSE
	EndGlobalSection
	GlobalSection(ProjectConfigurationPlatforms) = postSolution
		{F688CB1E-479C-41D0-8AB2-7A8551E374CD}.Debug|Any CPU.ActiveCfg = Debug|Any CPU
		{F688CB1E-479C-41D0-8AB2-7A8551E374CD}.Debug|Any CPU.Build.0 = Debug|Any CPU
		{F688CB1E-479C-41D0-8AB2-7A8551E374CD}.Release|Any CPU.ActiveCfg = Release|Any CPU
		{F688CB1E-479C-41D0-8AB2-7A8551E374CD}.Release|Any CPU.Build.0 = Release|Any CPU
		{FF56C459-7A91-485A-84B5-88CD96299183}.Debug|Any CPU.ActiveCfg = Debug|Any CPU
		{FF56C459-7A91-485A-84B5-88CD96299183}.Debug|Any CPU.Build.0 = Debug|Any CPU
		{FF56C459-7A91-485A-84B5-88CD96299183}.Release|Any CPU.ActiveCfg = Release|Any CPU
		{FF56C459-7A91-485A-84B5-88CD96299183}.Release|Any CPU.Build.0 = Release|Any CPU
	EndGlobalSection
	GlobalSection(NestedProjects) = preSolution
		{F688CB1E-479C-41D0-8AB2-7A8551E374CD} = {3191EDE7-D19D-41D2-BACF-C36540F64847}
		{FF56C459-7A91-485A-84B5-88CD96299183} = {96295B4B-AE57-4710-9162-26C74C194B52}
	EndGlobalSection
EndGlobal
